
Microsoft Visual Studio Solution File, Format Version 12.00
# Visual Studio Version 16
VisualStudioVersion = 16.0.30104.148
MinimumVisualStudioVersion = 10.0.40219.1
Project("{FAE04EC0-301F-11D3-BF4B-00C04F79EFBC}") = "ML_TransferLearning", "ML_TransferLearning.csproj", "{F67D1061-9250-4A36-91D1-255009E8C3B2}"
EndProject
Global
	GlobalSection(SolutionConfigurationPlatforms) = preSolution
		Debug|Any CPU = Debug|Any CPU
		Debug|x64 = Debug|x64
		Release|Any CPU = Release|Any CPU
		Release|x64 = Release|x64
	EndGlobalSection
	GlobalSection(ProjectConfigurationPlatforms) = postSolution
		{F67D1061-9250-4A36-91D1-255009E8C3B2}.Debug|Any CPU.ActiveCfg = Debug|Any CPU
		{F67D1061-9250-4A36-91D1-255009E8C3B2}.Debug|Any CPU.Build.0 = Debug|Any CPU
		{F67D1061-9250-4A36-91D1-255009E8C3B2}.Debug|x64.ActiveCfg = Debug|x64
		{F67D1061-9250-4A36-91D1-255009E8C3B2}.Debug|x64.Build.0 = Debug|x64
		{F67D1061-9250-4A36-91D1-255009E8C3B2}.Release|Any CPU.ActiveCfg = Release|Any CPU
		{F67D1061-9250-4A36-91D1-255009E8C3B2}.Release|Any CPU.Build.0 = Release|Any CPU
		{F67D1061-9250-4A36-91D1-255009E8C3B2}.Release|x64.ActiveCfg = Release|x64
		{F67D1061-9250-4A36-91D1-255009E8C3B2}.Release|x64.Build.0 = Release|x64
	EndGlobalSection
	GlobalSection(SolutionProperties) = preSolution
		HideSolutionNode = FALSE
	EndGlobalSection
	GlobalSection(ExtensibilityGlobals) = postSolution
		SolutionGuid = {DCDF9D55-F3CC-47AF-BC51-E808CF87BADC}
	EndGlobalSection
EndGlobal
